
Microsoft Visual Studio Solution File, Format Version 12.00
# Visual Studio 15
Project("{FAE04EC0-301F-11D3-BF4B-00C04F79EFBC}") = "UnityEngine.TestRunner", "UnityEngine.TestRunner.csproj", "{B0BF8574-A920-2134-093A-6732DDEAC010}"
EndProject
Project("{FAE04EC0-301F-11D3-BF4B-00C04F79EFBC}") = "Unity.2D.Animation.Triangle.Runtime", "Unity.2D.Animation.Triangle.Runtime.csproj", "{0954814C-E841-6C97-08DE-D976943C0710}"
EndProject
Project("{FAE04EC0-301F-11D3-BF4B-00C04F79EFBC}") = "UnityEngine.UI", "UnityEngine.UI.csproj", "{33D47CE2-6C0C-5127-8202-F632DA9E5795}"
EndProject
Project("{FAE04EC0-301F-11D3-BF4B-00C04F79EFBC}") = "Unity.TextMeshPro", "Unity.TextMeshPro.csproj", "{8E1B8BE0-E69E-7A6B-D7AF-3D644CF0B403}"
EndProject
Project("{FAE04EC0-301F-11D3-BF4B-00C04F79EFBC}") = "Unity.2D.Animation.Runtime", "Unity.2D.Animation.Runtime.csproj", "{5576A382-A529-3D02-E918-D6B8ECE004E8}"
EndProject
Project("{FAE04EC0-301F-11D3-BF4B-00C04F79EFBC}") = "Unity.Timeline", "Unity.Timeline.csproj", "{B4469A76-B152-3EE8-001D-13C6DC3D7FAF}"
EndProject
Project("{FAE04EC0-301F-11D3-BF4B-00C04F79EFBC}") = "Unity.Mathematics", "Unity.Mathematics.csproj", "{C150262C-1E6D-2F96-E139-DB68838EDA52}"
EndProject
Project("{FAE04EC0-301F-11D3-BF4B-00C04F79EFBC}") = "Unity.2D.SpriteShape.Runtime", "Unity.2D.SpriteShape.Runtime.csproj", "{7100AB09-E411-C5D6-9D3E-0177E06C4391}"
EndProject
Project("{FAE04EC0-301F-11D3-BF4B-00C04F79EFBC}") = "Unity.2D.PixelPerfect", "Unity.2D.PixelPerfect.csproj", "{8BE202EE-BEEB-E8A3-A3AD-161F439EFB81}"
EndProject
Project("{FAE04EC0-301F-11D3-BF4B-00C04F79EFBC}") = "Unity.InternalAPIEngineBridge.001", "Unity.InternalAPIEngineBridge.001.csproj", "{3C46D752-31E2-577B-0CC7-35009586E201}"
EndProject
Project("{FAE04EC0-301F-11D3-BF4B-00C04F79EFBC}") = "Assembly-CSharp", "Assembly-CSharp.csproj", "{7498725A-FC38-0BC4-436D-297C7C8C155E}"
EndProject
Project("{FAE04EC0-301F-11D3-BF4B-00C04F79EFBC}") = "Unity.2D.Common.Runtime", "Unity.2D.Common.Runtime.csproj", "{C8AF1112-E248-9250-D8F2-CE3E53E9E218}"
EndProject
Project("{FAE04EC0-301F-11D3-BF4B-00C04F79EFBC}") = "UnityEditor.TestRunner", "UnityEditor.TestRunner.csproj", "{ABCE3317-3E7E-D98B-5A66-0C09BB5FB47F}"
EndProject
Project("{FAE04EC0-301F-11D3-BF4B-00C04F79EFBC}") = "Unity.TextMeshPro.Editor", "Unity.TextMeshPro.Editor.csproj", "{BB8B82B8-514F-37FC-9CED-979C2B1F3692}"
EndProject
Project("{FAE04EC0-301F-11D3-BF4B-00C04F79EFBC}") = "Unity.Timeline.Editor", "Unity.Timeline.Editor.csproj", "{C9B7979A-C6F6-669D-039B-6FDA081FA552}"
EndProject
Project("{FAE04EC0-301F-11D3-BF4B-00C04F79EFBC}") = "Unity.2D.Animation.Editor", "Unity.2D.Animation.Editor.csproj", "{AA26596A-5864-9E2D-B64C-E36F3937F01C}"
EndProject
Project("{FAE04EC0-301F-11D3-BF4B-00C04F79EFBC}") = "Unity.2D.Path.Editor", "Unity.2D.Path.Editor.csproj", "{5FA7DDD4-D68A-D59E-9662-E774CC8A0217}"
EndProject
Project("{FAE04EC0-301F-11D3-BF4B-00C04F79EFBC}") = "Unity.2D.Sprite.Editor", "Unity.2D.Sprite.Editor.csproj", "{EB3518E6-55B2-C3CA-37BB-EAF19FB7A9A2}"
EndProject
Project("{FAE04EC0-301F-11D3-BF4B-00C04F79EFBC}") = "UnityEditor.UI", "UnityEditor.UI.csproj", "{71E95046-0E3E-DAB4-2122-47E19821986C}"
EndProject
Project("{FAE04EC0-301F-11D3-BF4B-00C04F79EFBC}") = "Unity.Rider.Editor", "Unity.Rider.Editor.csproj", "{D36F8B4F-15C2-546B-F20A-16D9C71AEC12}"
EndProject
Project("{FAE04EC0-301F-11D3-BF4B-00C04F79EFBC}") = "Unity.2D.Tilemap.Editor", "Unity.2D.Tilemap.Editor.csproj", "{F1307DBF-5C3A-E225-A331-E21271C2DCF9}"
EndProject
Project("{FAE04EC0-301F-11D3-BF4B-00C04F79EFBC}") = "Unity.2D.SpriteShape.Editor", "Unity.2D.SpriteShape.Editor.csproj", "{B9E28137-5674-AD9D-495D-8C421E4B7814}"
EndProject
Project("{FAE04EC0-301F-11D3-BF4B-00C04F79EFBC}") = "PsdPlugin", "PsdPlugin.csproj", "{C3F7ADCF-E7A0-5890-2E8B-F2EF0444F5CB}"
EndProject
Project("{FAE04EC0-301F-11D3-BF4B-00C04F79EFBC}") = "Unity.CollabProxy.Editor", "Unity.CollabProxy.Editor.csproj", "{EF59A7FD-8822-7D9A-ACFD-E190E0D65606}"
EndProject
Project("{FAE04EC0-301F-11D3-BF4B-00C04F79EFBC}") = "Unity.2D.Common.Editor", "Unity.2D.Common.Editor.csproj", "{EE1D3B4D-DC97-1E1D-1CEE-47CAC3545E49}"
EndProject
Project("{FAE04EC0-301F-11D3-BF4B-00C04F79EFBC}") = "Unity.VSCode.Editor", "Unity.VSCode.Editor.csproj", "{CFB4E2CD-64D1-54DA-A002-BBDED3D38455}"
EndProject
Project("{FAE04EC0-301F-11D3-BF4B-00C04F79EFBC}") = "Unity.2D.Psdimporter.Editor", "Unity.2D.Psdimporter.Editor.csproj", "{0C5C40F7-31F6-61B8-2ABB-8FA903BD0C2D}"
EndProject
Project("{FAE04EC0-301F-11D3-BF4B-00C04F79EFBC}") = "Unity.2D.PixelPerfect.Editor", "Unity.2D.PixelPerfect.Editor.csproj", "{44C5A333-0E6F-4FA4-5104-D966C2E1AD69}"
EndProject
Project("{FAE04EC0-301F-11D3-BF4B-00C04F79EFBC}") = "Unity.Mathematics.Editor", "Unity.Mathematics.Editor.csproj", "{E61A87AA-C0AB-A151-0AD6-330040A957DC}"
EndProject
Project("{FAE04EC0-301F-11D3-BF4B-00C04F79EFBC}") = "Unity.InternalAPIEditorBridge.001", "Unity.InternalAPIEditorBridge.001.csproj", "{F207380C-F10B-4022-5340-DAF1D36E1F2A}"
EndProject
Project("{FAE04EC0-301F-11D3-BF4B-00C04F79EFBC}") = "Assembly-CSharp.Player", "Assembly-CSharp.Player.csproj", "{6066E543-6188-A440-E372-875A7F02E00F}"
EndProject
Global
	GlobalSection(SolutionConfigurationPlatforms) = preSolution
		Debug|Any CPU = Debug|Any CPU
		Release|Any CPU = Release|Any CPU
	EndGlobalSection
	GlobalSection(ProjectConfigurationPlatforms) = postSolution
		{B0BF8574-A920-2134-093A-6732DDEAC010}.Debug|Any CPU.ActiveCfg = Debug|Any CPU
		{B0BF8574-A920-2134-093A-6732DDEAC010}.Debug|Any CPU.Build.0 = Debug|Any CPU
		{B0BF8574-A920-2134-093A-6732DDEAC010}.Release|Any CPU.ActiveCfg = Release|Any CPU
		{B0BF8574-A920-2134-093A-6732DDEAC010}.Release|Any CPU.Build.0 = Release|Any CPU
		{0954814C-E841-6C97-08DE-D976943C0710}.Debug|Any CPU.ActiveCfg = Debug|Any CPU
		{0954814C-E841-6C97-08DE-D976943C0710}.Debug|Any CPU.Build.0 = Debug|Any CPU
		{0954814C-E841-6C97-08DE-D976943C0710}.Release|Any CPU.ActiveCfg = Release|Any CPU
		{0954814C-E841-6C97-08DE-D976943C0710}.Release|Any CPU.Build.0 = Release|Any CPU
		{33D47CE2-6C0C-5127-8202-F632DA9E5795}.Debug|Any CPU.ActiveCfg = Debug|Any CPU
		{33D47CE2-6C0C-5127-8202-F632DA9E5795}.Debug|Any CPU.Build.0 = Debug|Any CPU
		{33D47CE2-6C0C-5127-8202-F632DA9E5795}.Release|Any CPU.ActiveCfg = Release|Any CPU
		{33D47CE2-6C0C-5127-8202-F632DA9E5795}.Release|Any CPU.Build.0 = Release|Any CPU
		{8E1B8BE0-E69E-7A6B-D7AF-3D644CF0B403}.Debug|Any CPU.ActiveCfg = Debug|Any CPU
		{8E1B8BE0-E69E-7A6B-D7AF-3D644CF0B403}.Debug|Any CPU.Build.0 = Debug|Any CPU
		{8E1B8BE0-E69E-7A6B-D7AF-3D644CF0B403}.Release|Any CPU.ActiveCfg = Release|Any CPU
		{8E1B8BE0-E69E-7A6B-D7AF-3D644CF0B403}.Release|Any CPU.Build.0 = Release|Any CPU
		{5576A382-A529-3D02-E918-D6B8ECE004E8}.Debug|Any CPU.ActiveCfg = Debug|Any CPU
		{5576A382-A529-3D02-E918-D6B8ECE004E8}.Debug|Any CPU.Build.0 = Debug|Any CPU
		{5576A382-A529-3D02-E918-D6B8ECE004E8}.Release|Any CPU.ActiveCfg = Release|Any CPU
		{5576A382-A529-3D02-E918-D6B8ECE004E8}.Release|Any CPU.Build.0 = Release|Any CPU
		{B4469A76-B152-3EE8-001D-13C6DC3D7FAF}.Debug|Any CPU.ActiveCfg = Debug|Any CPU
		{B4469A76-B152-3EE8-001D-13C6DC3D7FAF}.Debug|Any CPU.Build.0 = Debug|Any CPU
		{B4469A76-B152-3EE8-001D-13C6DC3D7FAF}.Release|Any CPU.ActiveCfg = Release|Any CPU
		{B4469A76-B152-3EE8-001D-13C6DC3D7FAF}.Release|Any CPU.Build.0 = Release|Any CPU
		{C150262C-1E6D-2F96-E139-DB68838EDA52}.Debug|Any CPU.ActiveCfg = Debug|Any CPU
		{C150262C-1E6D-2F96-E139-DB68838EDA52}.Debug|Any CPU.Build.0 = Debug|Any CPU
		{C150262C-1E6D-2F96-E139-DB68838EDA52}.Release|Any CPU.ActiveCfg = Release|Any CPU
		{C150262C-1E6D-2F96-E139-DB68838EDA52}.Release|Any CPU.Build.0 = Release|Any CPU
		{7100AB09-E411-C5D6-9D3E-0177E06C4391}.Debug|Any CPU.ActiveCfg = Debug|Any CPU
		{7100AB09-E411-C5D6-9D3E-0177E06C4391}.Debug|Any CPU.Build.0 = Debug|Any CPU
		{7100AB09-E411-C5D6-9D3E-0177E06C4391}.Release|Any CPU.ActiveCfg = Release|Any CPU
		{7100AB09-E411-C5D6-9D3E-0177E06C4391}.Release|Any CPU.Build.0 = Release|Any CPU
		{8BE202EE-BEEB-E8A3-A3AD-161F439EFB81}.Debug|Any CPU.ActiveCfg = Debug|Any CPU
		{8BE202EE-BEEB-E8A3-A3AD-161F439EFB81}.Debug|Any CPU.Build.0 = Debug|Any CPU
		{8BE202EE-BEEB-E8A3-A3AD-161F439EFB81}.Release|Any CPU.ActiveCfg = Release|Any CPU
		{8BE202EE-BEEB-E8A3-A3AD-161F439EFB81}.Release|Any CPU.Build.0 = Release|Any CPU
		{3C46D752-31E2-577B-0CC7-35009586E201}.Debug|Any CPU.ActiveCfg = Debug|Any CPU
		{3C46D752-31E2-577B-0CC7-35009586E201}.Debug|Any CPU.Build.0 = Debug|Any CPU
		{3C46D752-31E2-577B-0CC7-35009586E201}.Release|Any CPU.ActiveCfg = Release|Any CPU
		{3C46D752-31E2-577B-0CC7-35009586E201}.Release|Any CPU.Build.0 = Release|Any CPU
		{7498725A-FC38-0BC4-436D-297C7C8C155E}.Debug|Any CPU.ActiveCfg = Debug|Any CPU
		{7498725A-FC38-0BC4-436D-297C7C8C155E}.Debug|Any CPU.Build.0 = Debug|Any CPU
		{7498725A-FC38-0BC4-436D-297C7C8C155E}.Release|Any CPU.ActiveCfg = Release|Any CPU
		{7498725A-FC38-0BC4-436D-297C7C8C155E}.Release|Any CPU.Build.0 = Release|Any CPU
		{C8AF1112-E248-9250-D8F2-CE3E53E9E218}.Debug|Any CPU.ActiveCfg = Debug|Any CPU
		{C8AF1112-E248-9250-D8F2-CE3E53E9E218}.Debug|Any CPU.Build.0 = Debug|Any CPU
		{C8AF1112-E248-9250-D8F2-CE3E53E9E218}.Release|Any CPU.ActiveCfg = Release|Any CPU
		{C8AF1112-E248-9250-D8F2-CE3E53E9E218}.Release|Any CPU.Build.0 = Release|Any CPU
		{ABCE3317-3E7E-D98B-5A66-0C09BB5FB47F}.Debug|Any CPU.ActiveCfg = Debug|Any CPU
		{ABCE3317-3E7E-D98B-5A66-0C09BB5FB47F}.Debug|Any CPU.Build.0 = Debug|Any CPU
		{ABCE3317-3E7E-D98B-5A66-0C09BB5FB47F}.Release|Any CPU.ActiveCfg = Release|Any CPU
		{ABCE3317-3E7E-D98B-5A66-0C09BB5FB47F}.Release|Any CPU.Build.0 = Release|Any CPU
		{BB8B82B8-514F-37FC-9CED-979C2B1F3692}.Debug|Any CPU.ActiveCfg = Debug|Any CPU
		{BB8B82B8-514F-37FC-9CED-979C2B1F3692}.Debug|Any CPU.Build.0 = Debug|Any CPU
		{BB8B82B8-514F-37FC-9CED-979C2B1F3692}.Release|Any CPU.ActiveCfg = Release|Any CPU
		{BB8B82B8-514F-37FC-9CED-979C2B1F3692}.Release|Any CPU.Build.0 = Release|Any CPU
		{C9B7979A-C6F6-669D-039B-6FDA081FA552}.Debug|Any CPU.ActiveCfg = Debug|Any CPU
		{C9B7979A-C6F6-669D-039B-6FDA081FA552}.Debug|Any CPU.Build.0 = Debug|Any CPU
		{C9B7979A-C6F6-669D-039B-6FDA081FA552}.Release|Any CPU.ActiveCfg = Release|Any CPU
		{C9B7979A-C6F6-669D-039B-6FDA081FA552}.Release|Any CPU.Build.0 = Release|Any CPU
		{AA26596A-5864-9E2D-B64C-E36F3937F01C}.Debug|Any CPU.ActiveCfg = Debug|Any CPU
		{AA26596A-5864-9E2D-B64C-E36F3937F01C}.Debug|Any CPU.Build.0 = Debug|Any CPU
		{AA26596A-5864-9E2D-B64C-E36F3937F01C}.Release|Any CPU.ActiveCfg = Release|Any CPU
		{AA26596A-5864-9E2D-B64C-E36F3937F01C}.Release|Any CPU.Build.0 = Release|Any CPU
		{5FA7DDD4-D68A-D59E-9662-E774CC8A0217}.Debug|Any CPU.ActiveCfg = Debug|Any CPU
		{5FA7DDD4-D68A-D59E-9662-E774CC8A0217}.Debug|Any CPU.Build.0 = Debug|Any CPU
		{5FA7DDD4-D68A-D59E-9662-E774CC8A0217}.Release|Any CPU.ActiveCfg = Release|Any CPU
		{5FA7DDD4-D68A-D59E-9662-E774CC8A0217}.Release|Any CPU.Build.0 = Release|Any CPU
		{EB3518E6-55B2-C3CA-37BB-EAF19FB7A9A2}.Debug|Any CPU.ActiveCfg = Debug|Any CPU
		{EB3518E6-55B2-C3CA-37BB-EAF19FB7A9A2}.Debug|Any CPU.Build.0 = Debug|Any CPU
		{EB3518E6-55B2-C3CA-37BB-EAF19FB7A9A2}.Release|Any CPU.ActiveCfg = Release|Any CPU
		{EB3518E6-55B2-C3CA-37BB-EAF19FB7A9A2}.Release|Any CPU.Build.0 = Release|Any CPU
		{71E95046-0E3E-DAB4-2122-47E19821986C}.Debug|Any CPU.ActiveCfg = Debug|Any CPU
		{71E95046-0E3E-DAB4-2122-47E19821986C}.Debug|Any CPU.Build.0 = Debug|Any CPU
		{71E95046-0E3E-DAB4-2122-47E19821986C}.Release|Any CPU.ActiveCfg = Release|Any CPU
		{71E95046-0E3E-DAB4-2122-47E19821986C}.Release|Any CPU.Build.0 = Release|Any CPU
		{D36F8B4F-15C2-546B-F20A-16D9C71AEC12}.Debug|Any CPU.ActiveCfg = Debug|Any CPU
		{D36F8B4F-15C2-546B-F20A-16D9C71AEC12}.Debug|Any CPU.Build.0 = Debug|Any CPU
		{D36F8B4F-15C2-546B-F20A-16D9C71AEC12}.Release|Any CPU.ActiveCfg = Release|Any CPU
		{D36F8B4F-15C2-546B-F20A-16D9C71AEC12}.Release|Any CPU.Build.0 = Release|Any CPU
		{F1307DBF-5C3A-E225-A331-E21271C2DCF9}.Debug|Any CPU.ActiveCfg = Debug|Any CPU
		{F1307DBF-5C3A-E225-A331-E21271C2DCF9}.Debug|Any CPU.Build.0 = Debug|Any CPU
		{F1307DBF-5C3A-E225-A331-E21271C2DCF9}.Release|Any CPU.ActiveCfg = Release|Any CPU
		{F1307DBF-5C3A-E225-A331-E21271C2DCF9}.Release|Any CPU.Build.0 = Release|Any CPU
		{B9E28137-5674-AD9D-495D-8C421E4B7814}.Debug|Any CPU.ActiveCfg = Debug|Any CPU
		{B9E28137-5674-AD9D-495D-8C421E4B7814}.Debug|Any CPU.Build.0 = Debug|Any CPU
		{B9E28137-5674-AD9D-495D-8C421E4B7814}.Release|Any CPU.ActiveCfg = Release|Any CPU
		{B9E28137-5674-AD9D-495D-8C421E4B7814}.Release|Any CPU.Build.0 = Release|Any CPU
		{C3F7ADCF-E7A0-5890-2E8B-F2EF0444F5CB}.Debug|Any CPU.ActiveCfg = Debug|Any CPU
		{C3F7ADCF-E7A0-5890-2E8B-F2EF0444F5CB}.Debug|Any CPU.Build.0 = Debug|Any CPU
		{C3F7ADCF-E7A0-5890-2E8B-F2EF0444F5CB}.Release|Any CPU.ActiveCfg = Release|Any CPU
		{C3F7ADCF-E7A0-5890-2E8B-F2EF0444F5CB}.Release|Any CPU.Build.0 = Release|Any CPU
		{EF59A7FD-8822-7D9A-ACFD-E190E0D65606}.Debug|Any CPU.ActiveCfg = Debug|Any CPU
		{EF59A7FD-8822-7D9A-ACFD-E190E0D65606}.Debug|Any CPU.Build.0 = Debug|Any CPU
		{EF59A7FD-8822-7D9A-ACFD-E190E0D65606}.Release|Any CPU.ActiveCfg = Release|Any CPU
		{EF59A7FD-8822-7D9A-ACFD-E190E0D65606}.Release|Any CPU.Build.0 = Release|Any CPU
		{EE1D3B4D-DC97-1E1D-1CEE-47CAC3545E49}.Debug|Any CPU.ActiveCfg = Debug|Any CPU
		{EE1D3B4D-DC97-1E1D-1CEE-47CAC3545E49}.Debug|Any CPU.Build.0 = Debug|Any CPU
		{EE1D3B4D-DC97-1E1D-1CEE-47CAC3545E49}.Release|Any CPU.ActiveCfg = Release|Any CPU
		{EE1D3B4D-DC97-1E1D-1CEE-47CAC3545E49}.Release|Any CPU.Build.0 = Release|Any CPU
		{CFB4E2CD-64D1-54DA-A002-BBDED3D38455}.Debug|Any CPU.ActiveCfg = Debug|Any CPU
		{CFB4E2CD-64D1-54DA-A002-BBDED3D38455}.Debug|Any CPU.Build.0 = Debug|Any CPU
		{CFB4E2CD-64D1-54DA-A002-BBDED3D38455}.Release|Any CPU.ActiveCfg = Release|Any CPU
		{CFB4E2CD-64D1-54DA-A002-BBDED3D38455}.Release|Any CPU.Build.0 = Release|Any CPU
		{0C5C40F7-31F6-61B8-2ABB-8FA903BD0C2D}.Debug|Any CPU.ActiveCfg = Debug|Any CPU
		{0C5C40F7-31F6-61B8-2ABB-8FA903BD0C2D}.Debug|Any CPU.Build.0 = Debug|Any CPU
		{0C5C40F7-31F6-61B8-2ABB-8FA903BD0C2D}.Release|Any CPU.ActiveCfg = Release|Any CPU
		{0C5C40F7-31F6-61B8-2ABB-8FA903BD0C2D}.Release|Any CPU.Build.0 = Release|Any CPU
		{44C5A333-0E6F-4FA4-5104-D966C2E1AD69}.Debug|Any CPU.ActiveCfg = Debug|Any CPU
		{44C5A333-0E6F-4FA4-5104-D966C2E1AD69}.Debug|Any CPU.Build.0 = Debug|Any CPU
		{44C5A333-0E6F-4FA4-5104-D966C2E1AD69}.Release|Any CPU.ActiveCfg = Release|Any CPU
		{44C5A333-0E6F-4FA4-5104-D966C2E1AD69}.Release|Any CPU.Build.0 = Release|Any CPU
		{E61A87AA-C0AB-A151-0AD6-330040A957DC}.Debug|Any CPU.ActiveCfg = Debug|Any CPU
		{E61A87AA-C0AB-A151-0AD6-330040A957DC}.Debug|Any CPU.Build.0 = Debug|Any CPU
		{E61A87AA-C0AB-A151-0AD6-330040A957DC}.Release|Any CPU.ActiveCfg = Release|Any CPU
		{E61A87AA-C0AB-A151-0AD6-330040A957DC}.Release|Any CPU.Build.0 = Release|Any CPU
		{F207380C-F10B-4022-5340-DAF1D36E1F2A}.Debug|Any CPU.ActiveCfg = Debug|Any CPU
		{F207380C-F10B-4022-5340-DAF1D36E1F2A}.Debug|Any CPU.Build.0 = Debug|Any CPU
		{F207380C-F10B-4022-5340-DAF1D36E1F2A}.Release|Any CPU.ActiveCfg = Release|Any CPU
		{F207380C-F10B-4022-5340-DAF1D36E1F2A}.Release|Any CPU.Build.0 = Release|Any CPU
		{6066E543-6188-A440-E372-875A7F02E00F}.Debug|Any CPU.ActiveCfg = Debug|Any CPU
		{6066E543-6188-A440-E372-875A7F02E00F}.Debug|Any CPU.Build.0 = Debug|Any CPU
		{6066E543-6188-A440-E372-875A7F02E00F}.Release|Any CPU.ActiveCfg = Release|Any CPU
		{6066E543-6188-A440-E372-875A7F02E00F}.Release|Any CPU.Build.0 = Release|Any CPU
	EndGlobalSection
	GlobalSection(SolutionProperties) = preSolution
		HideSolutionNode = FALSE
	EndGlobalSection
EndGlobal
